{
  "name": "pos-spooler",
  "version": "1.2.23",
  "lockfileVersion": 3,
  "requires": true,
  "packages": {
    "": {
      "name": "pos-spooler",
      "version": "1.2.23",
      "license": "ISC",
      "dependencies": {
        "dotenv": "17.3.1",
        "request": "file:vendor/request-disabled"
      },
      "engines": {
        "node": ">=22.12.0"
      }
    },
    "node_modules/dotenv": {
      "version": "17.3.1",
      "resolved": "https://registry.npmjs.org/dotenv/-/dotenv-17.3.1.tgz",
      "integrity": "sha512-IO8C/dzEb6O3F9/twg6ZLXz164a2fhTnEWb95H23Dm4OuN+92NmEAlTrupP9VW6Jm3sO26tQlqyvyi4CsnY9GA==",
      "license": "BSD-2-Clause",
      "engines": {
        "node": ">=12"
      },
      "funding": {
        "url": "https://dotenvx.com"
      }
    },
    "node_modules/request": {
      "resolved": "vendor/request-disabled",
      "link": true
    },
    "vendor/request-disabled": {
      "name": "pos-spooler-request-disabled",
      "version": "1.0.0"
    }
  }
}
